
Microsoft Visual Studio Solution File, Format Version 12.00
# Visual Studio Version 16
VisualStudioVersion = 16.0.30717.126
MinimumVisualStudioVersion = 10.0.40219.1
Project("{FAE04EC0-301F-11D3-BF4B-00C04F79EFBC}") = "Modyl_03_try", "Modyl_03_try.csproj", "{3119EA15-6F51-4F54-937E-73F2CEFAC3A4}"
EndProject
Global
	GlobalSection(SolutionConfigurationPlatforms) = preSolution
		Debug|Any CPU = Debug|Any CPU
		Release|Any CPU = Release|Any CPU
	EndGlobalSection
	GlobalSection(ProjectConfigurationPlatforms) = postSolution
		{3119EA15-6F51-4F54-937E-73F2CEFAC3A4}.Debug|Any CPU.ActiveCfg = Debug|Any CPU
		{3119EA15-6F51-4F54-937E-73F2CEFAC3A4}.Debug|Any CPU.Build.0 = Debug|Any CPU
		{3119EA15-6F51-4F54-937E-73F2CEFAC3A4}.Release|Any CPU.ActiveCfg = Release|Any CPU
		{3119EA15-6F51-4F54-937E-73F2CEFAC3A4}.Release|Any CPU.Build.0 = Release|Any CPU
	EndGlobalSection
	GlobalSection(SolutionProperties) = preSolution
		HideSolutionNode = FALSE
	EndGlobalSection
	GlobalSection(ExtensibilityGlobals) = postSolution
		SolutionGuid = {DE5B6714-8B14-466A-ACE8-9F694DD3AEF8}
	EndGlobalSection
EndGlobal
